<?xml version="1.0" encoding="UTF-8" standalone="yes" ?>
<CodeBlocks_project_file>
   <FileVersion major="1" minor="6" />
   <Project>
      <Option title="assigment_3" />
      <Option makefile_is_custom="1" />
      <Option compiler="gcc" />
      <Option virtualFolders="CMake Files\;CMake Files\..\;CMake Files\..\..\;CMake Files\..\..\..\;CMake Files\..\..\..\..\;CMake Files\..\..\..\..\usr\;CMake Files\..\..\..\..\usr\lib\;CMake Files\..\..\..\..\usr\lib\cmake\;CMake Files\..\..\..\..\usr\lib\cmake\eigen3\;" />
      <Build>
      <Target title="all">
         <Option working_dir="/home/michaelpollind/Desktop/SmokeEngine" />
         <Option type="4" />
         <MakeCommands>
            <Build command="/usr/bin/make -f &quot;/home/michaelpollind/Desktop/SmokeEngine/Makefile&quot;  VERBOSE=1 all" />
            <CompileFile command="/usr/bin/make -f &quot;/home/michaelpollind/Desktop/SmokeEngine/Makefile&quot;  VERBOSE=1 &quot;$file&quot;" />
            <Clean command="/usr/bin/make -f &quot;/home/michaelpollind/Desktop/SmokeEngine/Makefile&quot;  VERBOSE=1 clean" />
            <DistClean command="/usr/bin/make -f &quot;/home/michaelpollind/Desktop/SmokeEngine/Makefile&quot;  VERBOSE=1 clean" />
         </MakeCommands>
      </Target>
      <Target title="edit_cache">
         <Option working_dir="/home/michaelpollind/Desktop/SmokeEngine" />
         <Option type="4" />
         <MakeCommands>
            <Build command="/usr/bin/make -f &quot;/home/michaelpollind/Desktop/SmokeEngine/Makefile&quot;  VERBOSE=1 edit_cache" />
            <CompileFile command="/usr/bin/make -f &quot;/home/michaelpollind/Desktop/SmokeEngine/Makefile&quot;  VERBOSE=1 &quot;$file&quot;" />
            <Clean command="/usr/bin/make -f &quot;/home/michaelpollind/Desktop/SmokeEngine/Makefile&quot;  VERBOSE=1 clean" />
            <DistClean command="/usr/bin/make -f &quot;/home/michaelpollind/Desktop/SmokeEngine/Makefile&quot;  VERBOSE=1 clean" />
         </MakeCommands>
      </Target>
      <Target title="rebuild_cache">
         <Option working_dir="/home/michaelpollind/Desktop/SmokeEngine" />
         <Option type="4" />
         <MakeCommands>
            <Build command="/usr/bin/make -f &quot;/home/michaelpollind/Desktop/SmokeEngine/Makefile&quot;  VERBOSE=1 rebuild_cache" />
            <CompileFile command="/usr/bin/make -f &quot;/home/michaelpollind/Desktop/SmokeEngine/Makefile&quot;  VERBOSE=1 &quot;$file&quot;" />
            <Clean command="/usr/bin/make -f &quot;/home/michaelpollind/Desktop/SmokeEngine/Makefile&quot;  VERBOSE=1 clean" />
            <DistClean command="/usr/bin/make -f &quot;/home/michaelpollind/Desktop/SmokeEngine/Makefile&quot;  VERBOSE=1 clean" />
         </MakeCommands>
      </Target>
      <Target title="SmokeEngine">
         <Option output="/home/michaelpollind/Desktop/SmokeEngine/bin/libSmokeEngine.so" prefix_auto="0" extension_auto="0" />
         <Option working_dir="/home/michaelpollind/Desktop/SmokeEngine" />
         <Option object_output="./" />
         <Option type="3" />
         <Option compiler="gcc" />
         <Compiler>
            <Add option="-DBOOST_LOG_DYN_LINK" />
            <Add directory="/home/michaelpollind/Desktop/SmokeEngine/lib/lodepng" />
            <Add directory="/home/michaelpollind/Desktop/SmokeEngine/lib/tinyobjloader" />
            <Add directory="/home/michaelpollind/Desktop/SmokeEngine/src/include" />
            <Add directory="/usr/include" />
            <Add directory="/usr/include/c++/6" />
            <Add directory="/usr/include/c++/6/backward" />
            <Add directory="/usr/include/eigen3" />
            <Add directory="/usr/include/x86_64-linux-gnu" />
            <Add directory="/usr/include/x86_64-linux-gnu/c++/6" />
            <Add directory="/usr/lib/gcc/x86_64-linux-gnu/6/include" />
            <Add directory="/usr/lib/gcc/x86_64-linux-gnu/6/include-fixed" />
            <Add directory="/usr/local/include" />
         </Compiler>
         <MakeCommands>
            <Build command="/usr/bin/make -f &quot;/home/michaelpollind/Desktop/SmokeEngine/Makefile&quot;  VERBOSE=1 SmokeEngine" />
            <CompileFile command="/usr/bin/make -f &quot;/home/michaelpollind/Desktop/SmokeEngine/Makefile&quot;  VERBOSE=1 &quot;$file&quot;" />
            <Clean command="/usr/bin/make -f &quot;/home/michaelpollind/Desktop/SmokeEngine/Makefile&quot;  VERBOSE=1 clean" />
            <DistClean command="/usr/bin/make -f &quot;/home/michaelpollind/Desktop/SmokeEngine/Makefile&quot;  VERBOSE=1 clean" />
         </MakeCommands>
      </Target>
      <Target title="SmokeEngine/fast">
         <Option output="/home/michaelpollind/Desktop/SmokeEngine/bin/libSmokeEngine.so" prefix_auto="0" extension_auto="0" />
         <Option working_dir="/home/michaelpollind/Desktop/SmokeEngine" />
         <Option object_output="./" />
         <Option type="3" />
         <Option compiler="gcc" />
         <Compiler>
            <Add option="-DBOOST_LOG_DYN_LINK" />
            <Add directory="/home/michaelpollind/Desktop/SmokeEngine/lib/lodepng" />
            <Add directory="/home/michaelpollind/Desktop/SmokeEngine/lib/tinyobjloader" />
            <Add directory="/home/michaelpollind/Desktop/SmokeEngine/src/include" />
            <Add directory="/usr/include" />
            <Add directory="/usr/include/c++/6" />
            <Add directory="/usr/include/c++/6/backward" />
            <Add directory="/usr/include/eigen3" />
            <Add directory="/usr/include/x86_64-linux-gnu" />
            <Add directory="/usr/include/x86_64-linux-gnu/c++/6" />
            <Add directory="/usr/lib/gcc/x86_64-linux-gnu/6/include" />
            <Add directory="/usr/lib/gcc/x86_64-linux-gnu/6/include-fixed" />
            <Add directory="/usr/local/include" />
         </Compiler>
         <MakeCommands>
            <Build command="/usr/bin/make -f &quot;/home/michaelpollind/Desktop/SmokeEngine/Makefile&quot;  VERBOSE=1 SmokeEngine/fast" />
            <CompileFile command="/usr/bin/make -f &quot;/home/michaelpollind/Desktop/SmokeEngine/Makefile&quot;  VERBOSE=1 &quot;$file&quot;" />
            <Clean command="/usr/bin/make -f &quot;/home/michaelpollind/Desktop/SmokeEngine/Makefile&quot;  VERBOSE=1 clean" />
            <DistClean command="/usr/bin/make -f &quot;/home/michaelpollind/Desktop/SmokeEngine/Makefile&quot;  VERBOSE=1 clean" />
         </MakeCommands>
      </Target>
      </Build>
      <Unit filename="/home/michaelpollind/Desktop/SmokeEngine/Examples/PostProcessing/ExampleSceneOne.cpp">
         <Option target="SmokeEngine"/>
      </Unit>
      <Unit filename="/home/michaelpollind/Desktop/SmokeEngine/Examples/PostProcessing/ExampleSceneOne.h">
         <Option target="SmokeEngine"/>
      </Unit>
      <Unit filename="/home/michaelpollind/Desktop/SmokeEngine/Examples/PostProcessing/PostProcessingDemo.cpp">
         <Option target="SmokeEngine"/>
      </Unit>
      <Unit filename="/home/michaelpollind/Desktop/SmokeEngine/lib/lodepng/lodepng.cpp">
         <Option target="SmokeEngine"/>
      </Unit>
      <Unit filename="/home/michaelpollind/Desktop/SmokeEngine/lib/lodepng/lodepng.h">
         <Option target="SmokeEngine"/>
      </Unit>
      <Unit filename="/home/michaelpollind/Desktop/SmokeEngine/lib/tinyobjloader/tiny_obj_loader.cc">
         <Option target="SmokeEngine"/>
      </Unit>
      <Unit filename="/home/michaelpollind/Desktop/SmokeEngine/lib/tinyobjloader/tiny_obj_loader.h">
         <Option target="SmokeEngine"/>
      </Unit>
      <Unit filename="/home/michaelpollind/Desktop/SmokeEngine/src/source/AttachmentNode.cpp">
         <Option target="SmokeEngine"/>
      </Unit>
      <Unit filename="/home/michaelpollind/Desktop/SmokeEngine/src/source/BoundedBox.cpp">
         <Option target="SmokeEngine"/>
      </Unit>
      <Unit filename="/home/michaelpollind/Desktop/SmokeEngine/src/source/Camera.cpp">
         <Option target="SmokeEngine"/>
      </Unit>
      <Unit filename="/home/michaelpollind/Desktop/SmokeEngine/src/source/ContentManager.cpp">
         <Option target="SmokeEngine"/>
      </Unit>
      <Unit filename="/home/michaelpollind/Desktop/SmokeEngine/src/source/Framebuffer.cpp">
         <Option target="SmokeEngine"/>
      </Unit>
      <Unit filename="/home/michaelpollind/Desktop/SmokeEngine/src/source/InputEvent.cpp">
         <Option target="SmokeEngine"/>
      </Unit>
      <Unit filename="/home/michaelpollind/Desktop/SmokeEngine/src/source/LightAttachmentNode.cpp">
         <Option target="SmokeEngine"/>
      </Unit>
      <Unit filename="/home/michaelpollind/Desktop/SmokeEngine/src/source/MatrixHelper.cpp">
         <Option target="SmokeEngine"/>
      </Unit>
      <Unit filename="/home/michaelpollind/Desktop/SmokeEngine/src/source/Model.cpp">
         <Option target="SmokeEngine"/>
      </Unit>
      <Unit filename="/home/michaelpollind/Desktop/SmokeEngine/src/source/Node.cpp">
         <Option target="SmokeEngine"/>
      </Unit>
      <Unit filename="/home/michaelpollind/Desktop/SmokeEngine/src/source/ObjectNode.cpp">
         <Option target="SmokeEngine"/>
      </Unit>
      <Unit filename="/home/michaelpollind/Desktop/SmokeEngine/src/source/Packing.cpp">
         <Option target="SmokeEngine"/>
      </Unit>
      <Unit filename="/home/michaelpollind/Desktop/SmokeEngine/src/source/PostProcessing.cpp">
         <Option target="SmokeEngine"/>
      </Unit>
      <Unit filename="/home/michaelpollind/Desktop/SmokeEngine/src/source/RenderObject.cpp">
         <Option target="SmokeEngine"/>
      </Unit>
      <Unit filename="/home/michaelpollind/Desktop/SmokeEngine/src/source/Renderer.cpp">
         <Option target="SmokeEngine"/>
      </Unit>
      <Unit filename="/home/michaelpollind/Desktop/SmokeEngine/src/source/RenderingProcedure.cpp">
         <Option target="SmokeEngine"/>
      </Unit>
      <Unit filename="/home/michaelpollind/Desktop/SmokeEngine/src/source/S_Rectangle.cpp">
         <Option target="SmokeEngine"/>
      </Unit>
      <Unit filename="/home/michaelpollind/Desktop/SmokeEngine/src/source/SceneManager.cpp">
         <Option target="SmokeEngine"/>
      </Unit>
      <Unit filename="/home/michaelpollind/Desktop/SmokeEngine/src/source/SceneNode.cpp">
         <Option target="SmokeEngine"/>
      </Unit>
      <Unit filename="/home/michaelpollind/Desktop/SmokeEngine/src/source/Shader.cpp">
         <Option target="SmokeEngine"/>
      </Unit>
      <Unit filename="/home/michaelpollind/Desktop/SmokeEngine/src/source/SharedNodeInfo.cpp">
         <Option target="SmokeEngine"/>
      </Unit>
      <Unit filename="/home/michaelpollind/Desktop/SmokeEngine/src/source/SmokeEngine.cpp">
         <Option target="SmokeEngine"/>
      </Unit>
      <Unit filename="/home/michaelpollind/Desktop/SmokeEngine/src/source/Source.cpp">
         <Option target="SmokeEngine"/>
      </Unit>
      <Unit filename="/home/michaelpollind/Desktop/SmokeEngine/src/source/Sprite.cpp">
         <Option target="SmokeEngine"/>
      </Unit>
      <Unit filename="/home/michaelpollind/Desktop/SmokeEngine/src/source/TestScene.cpp">
         <Option target="SmokeEngine"/>
      </Unit>
      <Unit filename="/home/michaelpollind/Desktop/SmokeEngine/src/source/Texture.cpp">
         <Option target="SmokeEngine"/>
      </Unit>
      <Unit filename="/home/michaelpollind/Desktop/SmokeEngine/src/source/Vertex.cpp">
         <Option target="SmokeEngine"/>
      </Unit>
      <Unit filename="/home/michaelpollind/Desktop/SmokeEngine/src/source/VertexBufferObjectWithSubData.cpp">
         <Option target="SmokeEngine"/>
      </Unit>
      <Unit filename="/home/michaelpollind/Desktop/SmokeEngine/src/source/VertexElementBuffer.cpp">
         <Option target="SmokeEngine"/>
      </Unit>
      <Unit filename="/home/michaelpollind/Desktop/SmokeEngine/src/source/VertexNormal.cpp">
         <Option target="SmokeEngine"/>
      </Unit>
      <Unit filename="/home/michaelpollind/Desktop/SmokeEngine/src/source/VertexObject.cpp">
         <Option target="SmokeEngine"/>
      </Unit>
      <Unit filename="/home/michaelpollind/Desktop/SmokeEngine/src/source/VertexTexture.cpp">
         <Option target="SmokeEngine"/>
      </Unit>
      <Unit filename="/home/michaelpollind/Desktop/SmokeEngine/src/source/VertexTextureNormal.cpp">
         <Option target="SmokeEngine"/>
      </Unit>
      <Unit filename="/home/michaelpollind/Desktop/SmokeEngine/src/source/WaveFrontLoad.cpp">
         <Option target="SmokeEngine"/>
      </Unit>
      <Unit filename="/home/michaelpollind/Desktop/SmokeEngine/CMakeLists.txt">
          <Option virtualFolder="CMake Files\" />
      </Unit>
      <Unit filename="/home/michaelpollind/Desktop/SmokeEngine/../../../../usr/lib/cmake/eigen3/Eigen3Config.cmake">
          <Option virtualFolder="CMake Files\..\..\..\..\usr\lib\cmake\eigen3\" />
      </Unit>
   </Project>
</CodeBlocks_project_file>
